// !$*UTF8*$!
{
	archiveVersion = 1;
	classes = {
	};
	objectVersion = 46;
	objects = {

/* Begin PBXBuildFile section */
		ABA2DD5A1D5FC53C004F31F4 /* HomeViewController.swift in Sources */ = {isa = PBXBuildFile; fileRef = ABA2DD591D5FC53C004F31F4 /* HomeViewController.swift */; };
		ABA2DD5C1D5FF53E004F31F4 /* StoriesViewController.swift in Sources */ = {isa = PBXBuildFile; fileRef = ABA2DD5B1D5FF53E004F31F4 /* StoriesViewController.swift */; };
		ABAF2FCC1D3C0AF200D97F93 /* AppDelegate.swift in Sources */ = {isa = PBXBuildFile; fileRef = ABAF2FCB1D3C0AF200D97F93 /* AppDelegate.swift */; };
		ABAF2FCE1D3C0AF200D97F93 /* ViewController.swift in Sources */ = {isa = PBXBuildFile; fileRef = ABAF2FCD1D3C0AF200D97F93 /* ViewController.swift */; };
		ABAF2FD11D3C0AF200D97F93 /* Main.storyboard in Resources */ = {isa = PBXBuildFile; fileRef = ABAF2FCF1D3C0AF200D97F93 /* Main.storyboard */; };
		ABAF2FD31D3C0AF200D97F93 /* Assets.xcassets in Resources */ = {isa = PBXBuildFile; fileRef = ABAF2FD21D3C0AF200D97F93 /* Assets.xcassets */; };
		ABAF2FD61D3C0AF200D97F93 /* LaunchScreen.storyboard in Resources */ = {isa = PBXBuildFile; fileRef = ABAF2FD41D3C0AF200D97F93 /* LaunchScreen.storyboard */; };
		ABAF2FE11D3C0AF200D97F93 /* ChooseYourDestinyTests.swift in Sources */ = {isa = PBXBuildFile; fileRef = ABAF2FE01D3C0AF200D97F93 /* ChooseYourDestinyTests.swift */; };
		ABAF2FEC1D3C0AF300D97F93 /* ChooseYourDestinyUITests.swift in Sources */ = {isa = PBXBuildFile; fileRef = ABAF2FEB1D3C0AF300D97F93 /* ChooseYourDestinyUITests.swift */; };
		ABAF2FFE1D3C0CEF00D97F93 /* GitHubClient.swift in Sources */ = {isa = PBXBuildFile; fileRef = ABAF2FFD1D3C0CEF00D97F93 /* GitHubClient.swift */; };
		ABAF30001D3C0D0000D97F93 /* GitHubConvenience.swift in Sources */ = {isa = PBXBuildFile; fileRef = ABAF2FFF1D3C0D0000D97F93 /* GitHubConvenience.swift */; };
		ABAF30021D3C0D1200D97F93 /* GitHubConstants.swift in Sources */ = {isa = PBXBuildFile; fileRef = ABAF30011D3C0D1200D97F93 /* GitHubConstants.swift */; };
		ABAF30041D3C0E7700D97F93 /* ClientCommon.swift in Sources */ = {isa = PBXBuildFile; fileRef = ABAF30031D3C0E7700D97F93 /* ClientCommon.swift */; };
		ABAF30071D3C495700D97F93 /* Model.xcdatamodeld in Sources */ = {isa = PBXBuildFile; fileRef = ABAF30051D3C495700D97F93 /* Model.xcdatamodeld */; };
		ABAF300E1D3C50A100D97F93 /* Choice+CoreDataProperties.swift in Sources */ = {isa = PBXBuildFile; fileRef = ABAF30081D3C50A100D97F93 /* Choice+CoreDataProperties.swift */; };
		ABAF300F1D3C50A100D97F93 /* Choice.swift in Sources */ = {isa = PBXBuildFile; fileRef = ABAF30091D3C50A100D97F93 /* Choice.swift */; };
		ABAF30101D3C50A100D97F93 /* Story+CoreDataProperties.swift in Sources */ = {isa = PBXBuildFile; fileRef = ABAF300A1D3C50A100D97F93 /* Story+CoreDataProperties.swift */; };
		ABAF30111D3C50A100D97F93 /* Story.swift in Sources */ = {isa = PBXBuildFile; fileRef = ABAF300B1D3C50A100D97F93 /* Story.swift */; };
		ABAF30121D3C50A100D97F93 /* Chapter+CoreDataProperties.swift in Sources */ = {isa = PBXBuildFile; fileRef = ABAF300C1D3C50A100D97F93 /* Chapter+CoreDataProperties.swift */; };
		ABAF30131D3C50A100D97F93 /* Chapter.swift in Sources */ = {isa = PBXBuildFile; fileRef = ABAF300D1D3C50A100D97F93 /* Chapter.swift */; };
		ABAF30151D3C517900D97F93 /* CoreDataStack.swift in Sources */ = {isa = PBXBuildFile; fileRef = ABAF30141D3C517900D97F93 /* CoreDataStack.swift */; };
/* End PBXBuildFile section */

/* Begin PBXContainerItemProxy section */
		ABAF2FDD1D3C0AF200D97F93 /* PBXContainerItemProxy */ = {
			isa = PBXContainerItemProxy;
			containerPortal = ABAF2FC01D3C0AF200D97F93 /* Project object */;
			proxyType = 1;
			remoteGlobalIDString = ABAF2FC71D3C0AF200D97F93;
			remoteInfo = ChooseYourDestiny;
		};
		ABAF2FE81D3C0AF300D97F93 /* PBXContainerItemProxy */ = {
			isa = PBXContainerItemProxy;
			containerPortal = ABAF2FC01D3C0AF200D97F93 /* Project object */;
			proxyType = 1;
			remoteGlobalIDString = ABAF2FC71D3C0AF200D97F93;
			remoteInfo = ChooseYourDestiny;
		};
/* End PBXContainerItemProxy section */

/* Begin PBXFileReference section */
		ABA2DD591D5FC53C004F31F4 /* HomeViewController.swift */ = {isa = PBXFileReference; fileEncoding = 4; lastKnownFileType = sourcecode.swift; path = HomeViewController.swift; sourceTree = "<group>"; };
		ABA2DD5B1D5FF53E004F31F4 /* StoriesViewController.swift */ = {isa = PBXFileReference; fileEncoding = 4; lastKnownFileType = sourcecode.swift; path = StoriesViewController.swift; sourceTree = "<group>"; };
		ABAF2FC81D3C0AF200D97F93 /* ChooseYourDestiny.app */ = {isa = PBXFileReference; explicitFileType = wrapper.application; includeInIndex = 0; path = ChooseYourDestiny.app; sourceTree = BUILT_PRODUCTS_DIR; };
		ABAF2FCB1D3C0AF200D97F93 /* AppDelegate.swift */ = {isa = PBXFileReference; lastKnownFileType = sourcecode.swift; path = AppDelegate.swift; sourceTree = "<group>"; };
		ABAF2FCD1D3C0AF200D97F93 /* ViewController.swift */ = {isa = PBXFileReference; lastKnownFileType = sourcecode.swift; path = ViewController.swift; sourceTree = "<group>"; };
		ABAF2FD01D3C0AF200D97F93 /* Base */ = {isa = PBXFileReference; lastKnownFileType = file.storyboard; name = Base; path = Base.lproj/Main.storyboard; sourceTree = "<group>"; };
		ABAF2FD21D3C0AF200D97F93 /* Assets.xcassets */ = {isa = PBXFileReference; lastKnownFileType = folder.assetcatalog; path = Assets.xcassets; sourceTree = "<group>"; };
		ABAF2FD51D3C0AF200D97F93 /* Base */ = {isa = PBXFileReference; lastKnownFileType = file.storyboard; name = Base; path = Base.lproj/LaunchScreen.storyboard; sourceTree = "<group>"; };
		ABAF2FD71D3C0AF200D97F93 /* Info.plist */ = {isa = PBXFileReference; lastKnownFileType = text.plist.xml; path = Info.plist; sourceTree = "<group>"; };
		ABAF2FDC1D3C0AF200D97F93 /* ChooseYourDestinyTests.xctest */ = {isa = PBXFileReference; explicitFileType = wrapper.cfbundle; includeInIndex = 0; path = ChooseYourDestinyTests.xctest; sourceTree = BUILT_PRODUCTS_DIR; };
		ABAF2FE01D3C0AF200D97F93 /* ChooseYourDestinyTests.swift */ = {isa = PBXFileReference; lastKnownFileType = sourcecode.swift; path = ChooseYourDestinyTests.swift; sourceTree = "<group>"; };
		ABAF2FE21D3C0AF200D97F93 /* Info.plist */ = {isa = PBXFileReference; lastKnownFileType = text.plist.xml; path = Info.plist; sourceTree = "<group>"; };
		ABAF2FE71D3C0AF300D97F93 /* ChooseYourDestinyUITests.xctest */ = {isa = PBXFileReference; explicitFileType = wrapper.cfbundle; includeInIndex = 0; path = ChooseYourDestinyUITests.xctest; sourceTree = BUILT_PRODUCTS_DIR; };
		ABAF2FEB1D3C0AF300D97F93 /* ChooseYourDestinyUITests.swift */ = {isa = PBXFileReference; lastKnownFileType = sourcecode.swift; path = ChooseYourDestinyUITests.swift; sourceTree = "<group>"; };
		ABAF2FED1D3C0AF300D97F93 /* Info.plist */ = {isa = PBXFileReference; lastKnownFileType = text.plist.xml; path = Info.plist; sourceTree = "<group>"; };
		ABAF2FFD1D3C0CEF00D97F93 /* GitHubClient.swift */ = {isa = PBXFileReference; fileEncoding = 4; lastKnownFileType = sourcecode.swift; path = GitHubClient.swift; sourceTree = "<group>"; };
		ABAF2FFF1D3C0D0000D97F93 /* GitHubConvenience.swift */ = {isa = PBXFileReference; fileEncoding = 4; lastKnownFileType = sourcecode.swift; path = GitHubConvenience.swift; sourceTree = "<group>"; };
		ABAF30011D3C0D1200D97F93 /* GitHubConstants.swift */ = {isa = PBXFileReference; fileEncoding = 4; lastKnownFileType = sourcecode.swift; path = GitHubConstants.swift; sourceTree = "<group>"; };
		ABAF30031D3C0E7700D97F93 /* ClientCommon.swift */ = {isa = PBXFileReference; fileEncoding = 4; lastKnownFileType = sourcecode.swift; path = ClientCommon.swift; sourceTree = "<group>"; };
		ABAF30061D3C495700D97F93 /* Model.xcdatamodel */ = {isa = PBXFileReference; lastKnownFileType = wrapper.xcdatamodel; path = Model.xcdatamodel; sourceTree = "<group>"; };
		ABAF30081D3C50A100D97F93 /* Choice+CoreDataProperties.swift */ = {isa = PBXFileReference; fileEncoding = 4; lastKnownFileType = sourcecode.swift; path = "Choice+CoreDataProperties.swift"; sourceTree = "<group>"; };
		ABAF30091D3C50A100D97F93 /* Choice.swift */ = {isa = PBXFileReference; fileEncoding = 4; lastKnownFileType = sourcecode.swift; path = Choice.swift; sourceTree = "<group>"; };
		ABAF300A1D3C50A100D97F93 /* Story+CoreDataProperties.swift */ = {isa = PBXFileReference; fileEncoding = 4; lastKnownFileType = sourcecode.swift; path = "Story+CoreDataProperties.swift"; sourceTree = "<group>"; };
		ABAF300B1D3C50A100D97F93 /* Story.swift */ = {isa = PBXFileReference; fileEncoding = 4; lastKnownFileType = sourcecode.swift; path = Story.swift; sourceTree = "<group>"; };
		ABAF300C1D3C50A100D97F93 /* Chapter+CoreDataProperties.swift */ = {isa = PBXFileReference; fileEncoding = 4; lastKnownFileType = sourcecode.swift; path = "Chapter+CoreDataProperties.swift"; sourceTree = "<group>"; };
		ABAF300D1D3C50A100D97F93 /* Chapter.swift */ = {isa = PBXFileReference; fileEncoding = 4; lastKnownFileType = sourcecode.swift; path = Chapter.swift; sourceTree = "<group>"; };
		ABAF30141D3C517900D97F93 /* CoreDataStack.swift */ = {isa = PBXFileReference; fileEncoding = 4; lastKnownFileType = sourcecode.swift; path = CoreDataStack.swift; sourceTree = "<group>"; };
/* End PBXFileReference section */

/* Begin PBXFrameworksBuildPhase section */
		ABAF2FC51D3C0AF200D97F93 /* Frameworks */ = {
			isa = PBXFrameworksBuildPhase;
			buildActionMask = 2147483647;
			files = (
			);
			runOnlyForDeploymentPostprocessing = 0;
		};
		ABAF2FD91D3C0AF200D97F93 /* Frameworks */ = {
			isa = PBXFrameworksBuildPhase;
			buildActionMask = 2147483647;
			files = (
			);
			runOnlyForDeploymentPostprocessing = 0;
		};
		ABAF2FE41D3C0AF300D97F93 /* Frameworks */ = {
			isa = PBXFrameworksBuildPhase;
			buildActionMask = 2147483647;
			files = (
			);
			runOnlyForDeploymentPostprocessing = 0;
		};
/* End PBXFrameworksBuildPhase section */

/* Begin PBXGroup section */
		ABAF2FBF1D3C0AF200D97F93 = {
			isa = PBXGroup;
			children = (
				ABAF2FCA1D3C0AF200D97F93 /* ChooseYourDestiny */,
				ABAF2FDF1D3C0AF200D97F93 /* ChooseYourDestinyTests */,
				ABAF2FEA1D3C0AF300D97F93 /* ChooseYourDestinyUITests */,
				ABAF2FC91D3C0AF200D97F93 /* Products */,
			);
			sourceTree = "<group>";
		};
		ABAF2FC91D3C0AF200D97F93 /* Products */ = {
			isa = PBXGroup;
			children = (
				ABAF2FC81D3C0AF200D97F93 /* ChooseYourDestiny.app */,
				ABAF2FDC1D3C0AF200D97F93 /* ChooseYourDestinyTests.xctest */,
				ABAF2FE71D3C0AF300D97F93 /* ChooseYourDestinyUITests.xctest */,
			);
			name = Products;
			sourceTree = "<group>";
		};
		ABAF2FCA1D3C0AF200D97F93 /* ChooseYourDestiny */ = {
			isa = PBXGroup;
			children = (
				ABAF2FFA1D3C0C7E00D97F93 /* Controllers */,
				ABAF2FF91D3C0C7800D97F93 /* Models */,
				ABAF2FCB1D3C0AF200D97F93 /* AppDelegate.swift */,
				ABAF2FCF1D3C0AF200D97F93 /* Main.storyboard */,
				ABAF2FD21D3C0AF200D97F93 /* Assets.xcassets */,
				ABAF2FD41D3C0AF200D97F93 /* LaunchScreen.storyboard */,
				ABAF2FD71D3C0AF200D97F93 /* Info.plist */,
			);
			path = ChooseYourDestiny;
			sourceTree = "<group>";
		};
		ABAF2FDF1D3C0AF200D97F93 /* ChooseYourDestinyTests */ = {
			isa = PBXGroup;
			children = (
				ABAF2FE01D3C0AF200D97F93 /* ChooseYourDestinyTests.swift */,
				ABAF2FE21D3C0AF200D97F93 /* Info.plist */,
			);
			path = ChooseYourDestinyTests;
			sourceTree = "<group>";
		};
		ABAF2FEA1D3C0AF300D97F93 /* ChooseYourDestinyUITests */ = {
			isa = PBXGroup;
			children = (
				ABAF2FEB1D3C0AF300D97F93 /* ChooseYourDestinyUITests.swift */,
				ABAF2FED1D3C0AF300D97F93 /* Info.plist */,
			);
			path = ChooseYourDestinyUITests;
			sourceTree = "<group>";
		};
		ABAF2FF91D3C0C7800D97F93 /* Models */ = {
			isa = PBXGroup;
			children = (
				ABAF30051D3C495700D97F93 /* Model.xcdatamodeld */,
				ABAF300A1D3C50A100D97F93 /* Story+CoreDataProperties.swift */,
				ABAF300C1D3C50A100D97F93 /* Chapter+CoreDataProperties.swift */,
				ABAF30081D3C50A100D97F93 /* Choice+CoreDataProperties.swift */,
				ABAF300B1D3C50A100D97F93 /* Story.swift */,
				ABAF300D1D3C50A100D97F93 /* Chapter.swift */,
				ABAF30091D3C50A100D97F93 /* Choice.swift */,
				ABAF30141D3C517900D97F93 /* CoreDataStack.swift */,
				ABAF2FFB1D3C0CBA00D97F93 /* Clients */,
			);
			name = Models;
			sourceTree = "<group>";
		};
		ABAF2FFA1D3C0C7E00D97F93 /* Controllers */ = {
			isa = PBXGroup;
			children = (
				ABAF2FCD1D3C0AF200D97F93 /* ViewController.swift */,
				ABA2DD591D5FC53C004F31F4 /* HomeViewController.swift */,
				ABA2DD5B1D5FF53E004F31F4 /* StoriesViewController.swift */,
			);
			name = Controllers;
			sourceTree = "<group>";
		};
		ABAF2FFB1D3C0CBA00D97F93 /* Clients */ = {
			isa = PBXGroup;
			children = (
				ABAF30031D3C0E7700D97F93 /* ClientCommon.swift */,
				ABAF2FFC1D3C0CC500D97F93 /* GitHub */,
			);
			name = Clients;
			sourceTree = "<group>";
		};
		ABAF2FFC1D3C0CC500D97F93 /* GitHub */ = {
			isa = PBXGroup;
			children = (
				ABAF2FFD1D3C0CEF00D97F93 /* GitHubClient.swift */,
				ABAF2FFF1D3C0D0000D97F93 /* GitHubConvenience.swift */,
				ABAF30011D3C0D1200D97F93 /* GitHubConstants.swift */,
			);
			name = GitHub;
			sourceTree = "<group>";
		};
/* End PBXGroup section */

/* Begin PBXNativeTarget section */
		ABAF2FC71D3C0AF200D97F93 /* ChooseYourDestiny */ = {
			isa = PBXNativeTarget;
			buildConfigurationList = ABAF2FF01D3C0AF300D97F93 /* Build configuration list for PBXNativeTarget "ChooseYourDestiny" */;
			buildPhases = (
				ABAF2FC41D3C0AF200D97F93 /* Sources */,
				ABAF2FC51D3C0AF200D97F93 /* Frameworks */,
				ABAF2FC61D3C0AF200D97F93 /* Resources */,
			);
			buildRules = (
			);
			dependencies = (
			);
			name = ChooseYourDestiny;
			productName = ChooseYourDestiny;
			productReference = ABAF2FC81D3C0AF200D97F93 /* ChooseYourDestiny.app */;
			productType = "com.apple.product-type.application";
		};
		ABAF2FDB1D3C0AF200D97F93 /* ChooseYourDestinyTests */ = {
			isa = PBXNativeTarget;
			buildConfigurationList = ABAF2FF31D3C0AF300D97F93 /* Build configuration list for PBXNativeTarget "ChooseYourDestinyTests" */;
			buildPhases = (
				ABAF2FD81D3C0AF200D97F93 /* Sources */,
				ABAF2FD91D3C0AF200D97F93 /* Frameworks */,
				ABAF2FDA1D3C0AF200D97F93 /* Resources */,
			);
			buildRules = (
			);
			dependencies = (
				ABAF2FDE1D3C0AF200D97F93 /* PBXTargetDependency */,
			);
			name = ChooseYourDestinyTests;
			productName = ChooseYourDestinyTests;
			productReference = ABAF2FDC1D3C0AF200D97F93 /* ChooseYourDestinyTests.xctest */;
			productType = "com.apple.product-type.bundle.unit-test";
		};
		ABAF2FE61D3C0AF300D97F93 /* ChooseYourDestinyUITests */ = {
			isa = PBXNativeTarget;
			buildConfigurationList = ABAF2FF61D3C0AF300D97F93 /* Build configuration list for PBXNativeTarget "ChooseYourDestinyUITests" */;
			buildPhases = (
				ABAF2FE31D3C0AF300D97F93 /* Sources */,
				ABAF2FE41D3C0AF300D97F93 /* Frameworks */,
				ABAF2FE51D3C0AF300D97F93 /* Resources */,
			);
			buildRules = (
			);
			dependencies = (
				ABAF2FE91D3C0AF300D97F93 /* PBXTargetDependency */,
			);
			name = ChooseYourDestinyUITests;
			productName = ChooseYourDestinyUITests;
			productReference = ABAF2FE71D3C0AF300D97F93 /* ChooseYourDestinyUITests.xctest */;
			productType = "com.apple.product-type.bundle.ui-testing";
		};
/* End PBXNativeTarget section */

/* Begin PBXProject section */
		ABAF2FC01D3C0AF200D97F93 /* Project object */ = {
			isa = PBXProject;
			attributes = {
				LastSwiftUpdateCheck = 0730;
				LastUpgradeCheck = 0730;
				ORGANIZATIONNAME = "Jonathan Grubb";
				TargetAttributes = {
					ABAF2FC71D3C0AF200D97F93 = {
						CreatedOnToolsVersion = 7.3;
						DevelopmentTeam = Z44ESBPT34;
					};
					ABAF2FDB1D3C0AF200D97F93 = {
						CreatedOnToolsVersion = 7.3;
						DevelopmentTeam = Z44ESBPT34;
						TestTargetID = ABAF2FC71D3C0AF200D97F93;
					};
					ABAF2FE61D3C0AF300D97F93 = {
						CreatedOnToolsVersion = 7.3;
						DevelopmentTeam = Z44ESBPT34;
						TestTargetID = ABAF2FC71D3C0AF200D97F93;
					};
				};
			};
			buildConfigurationList = ABAF2FC31D3C0AF200D97F93 /* Build configuration list for PBXProject "ChooseYourDestiny" */;
			compatibilityVersion = "Xcode 3.2";
			developmentRegion = English;
			hasScannedForEncodings = 0;
			knownRegions = (
				en,
				Base,
			);
			mainGroup = ABAF2FBF1D3C0AF200D97F93;
			productRefGroup = ABAF2FC91D3C0AF200D97F93 /* Products */;
			projectDirPath = "";
			projectRoot = "";
			targets = (
				ABAF2FC71D3C0AF200D97F93 /* ChooseYourDestiny */,
				ABAF2FDB1D3C0AF200D97F93 /* ChooseYourDestinyTests */,
				ABAF2FE61D3C0AF300D97F93 /* ChooseYourDestinyUITests */,
			);
		};
/* End PBXProject section */

/* Begin PBXResourcesBuildPhase section */
		ABAF2FC61D3C0AF200D97F93 /* Resources */ = {
			isa = PBXResourcesBuildPhase;
			buildActionMask = 2147483647;
			files = (
				ABAF2FD61D3C0AF200D97F93 /* LaunchScreen.storyboard in Resources */,
				ABAF2FD31D3C0AF200D97F93 /* Assets.xcassets in Resources */,
				ABAF2FD11D3C0AF200D97F93 /* Main.storyboard in Resources */,
			);
			runOnlyForDeploymentPostprocessing = 0;
		};
		ABAF2FDA1D3C0AF200D97F93 /* Resources */ = {
			isa = PBXResourcesBuildPhase;
			buildActionMask = 2147483647;
			files = (
			);
			runOnlyForDeploymentPostprocessing = 0;
		};
		ABAF2FE51D3C0AF300D97F93 /* Resources */ = {
			isa = PBXResourcesBuildPhase;
			buildActionMask = 2147483647;
			files = (
			);
			runOnlyForDeploymentPostprocessing = 0;
		};
/* End PBXResourcesBuildPhase section */

/* Begin PBXSourcesBuildPhase section */
		ABAF2FC41D3C0AF200D97F93 /* Sources */ = {
			isa = PBXSourcesBuildPhase;
			buildActionMask = 2147483647;
			files = (
				ABAF300E1D3C50A100D97F93 /* Choice+CoreDataProperties.swift in Sources */,
				ABAF30101D3C50A100D97F93 /* Story+CoreDataProperties.swift in Sources */,
				ABAF2FFE1D3C0CEF00D97F93 /* GitHubClient.swift in Sources */,
				ABAF2FCE1D3C0AF200D97F93 /* ViewController.swift in Sources */,
				ABAF300F1D3C50A100D97F93 /* Choice.swift in Sources */,
				ABA2DD5A1D5FC53C004F31F4 /* HomeViewController.swift in Sources */,
				ABAF30001D3C0D0000D97F93 /* GitHubConvenience.swift in Sources */,
				ABAF30071D3C495700D97F93 /* Model.xcdatamodeld in Sources */,
				ABAF30151D3C517900D97F93 /* CoreDataStack.swift in Sources */,
				ABAF30131D3C50A100D97F93 /* Chapter.swift in Sources */,
				ABAF30041D3C0E7700D97F93 /* ClientCommon.swift in Sources */,
				ABAF30021D3C0D1200D97F93 /* GitHubConstants.swift in Sources */,
				ABAF2FCC1D3C0AF200D97F93 /* AppDelegate.swift in Sources */,
				ABAF30121D3C50A100D97F93 /* Chapter+CoreDataProperties.swift in Sources */,
				ABA2DD5C1D5FF53E004F31F4 /* StoriesViewController.swift in Sources */,
				ABAF30111D3C50A100D97F93 /* Story.swift in Sources */,
			);
			runOnlyForDeploymentPostprocessing = 0;
		};
		ABAF2FD81D3C0AF200D97F93 /* Sources */ = {
			isa = PBXSourcesBuildPhase;
			buildActionMask = 2147483647;
			files = (
				ABAF2FE11D3C0AF200D97F93 /* ChooseYourDestinyTests.swift in Sources */,
			);
			runOnlyForDeploymentPostprocessing = 0;
		};
		ABAF2FE31D3C0AF300D97F93 /* Sources */ = {
			isa = PBXSourcesBuildPhase;
			buildActionMask = 2147483647;
			files = (
				ABAF2FEC1D3C0AF300D97F93 /* ChooseYourDestinyUITests.swift in Sources */,
			);
			runOnlyForDeploymentPostprocessing = 0;
		};
/* End PBXSourcesBuildPhase section */

/* Begin PBXTargetDependency section */
		ABAF2FDE1D3C0AF200D97F93 /* PBXTargetDependency */ = {
			isa = PBXTargetDependency;
			target = ABAF2FC71D3C0AF200D97F93 /* ChooseYourDestiny */;
			targetProxy = ABAF2FDD1D3C0AF200D97F93 /* PBXContainerItemProxy */;
		};
		ABAF2FE91D3C0AF300D97F93 /* PBXTargetDependency */ = {
			isa = PBXTargetDependency;
			target = ABAF2FC71D3C0AF200D97F93 /* ChooseYourDestiny */;
			targetProxy = ABAF2FE81D3C0AF300D97F93 /* PBXContainerItemProxy */;
		};
/* End PBXTargetDependency section */

/* Begin PBXVariantGroup section */
		ABAF2FCF1D3C0AF200D97F93 /* Main.storyboard */ = {
			isa = PBXVariantGroup;
			children = (
				ABAF2FD01D3C0AF200D97F93 /* Base */,
			);
			name = Main.storyboard;
			sourceTree = "<group>";
		};
		ABAF2FD41D3C0AF200D97F93 /* LaunchScreen.storyboard */ = {
			isa = PBXVariantGroup;
			children = (
				ABAF2FD51D3C0AF200D97F93 /* Base */,
			);
			name = LaunchScreen.storyboard;
			sourceTree = "<group>";
		};
/* End PBXVariantGroup section */

/* Begin XCBuildConfiguration section */
		ABAF2FEE1D3C0AF300D97F93 /* Debug */ = {
			isa = XCBuildConfiguration;
			buildSettings = {
				ALWAYS_SEARCH_USER_PATHS = NO;
				CLANG_ANALYZER_NONNULL = YES;
				CLANG_CXX_LANGUAGE_STANDARD = "gnu++0x";
				CLANG_CXX_LIBRARY = "libc++";
				CLANG_ENABLE_MODULES = YES;
				CLANG_ENABLE_OBJC_ARC = YES;
				CLANG_WARN_BOOL_CONVERSION = YES;
				CLANG_WARN_CONSTANT_CONVERSION = YES;
				CLANG_WARN_DIRECT_OBJC_ISA_USAGE = YES_ERROR;
				CLANG_WARN_EMPTY_BODY = YES;
				CLANG_WARN_ENUM_CONVERSION = YES;
				CLANG_WARN_INT_CONVERSION = YES;
				CLANG_WARN_OBJC_ROOT_CLASS = YES_ERROR;
				CLANG_WARN_UNREACHABLE_CODE = YES;
				CLANG_WARN__DUPLICATE_METHOD_MATCH = YES;
				"CODE_SIGN_IDENTITY[sdk=iphoneos*]" = "iPhone Developer";
				COPY_PHASE_STRIP = NO;
				DEBUG_INFORMATION_FORMAT = dwarf;
				ENABLE_STRICT_OBJC_MSGSEND = YES;
				ENABLE_TESTABILITY = YES;
				GCC_C_LANGUAGE_STANDARD = gnu99;
				GCC_DYNAMIC_NO_PIC = NO;
				GCC_NO_COMMON_BLOCKS = YES;
				GCC_OPTIMIZATION_LEVEL = 0;
				GCC_PREPROCESSOR_DEFINITIONS = (
					"DEBUG=1",
					"$(inherited)",
				);
				GCC_WARN_64_TO_32_BIT_CONVERSION = YES;
				GCC_WARN_ABOUT_RETURN_TYPE = YES_ERROR;
				GCC_WARN_UNDECLARED_SELECTOR = YES;
				GCC_WARN_UNINITIALIZED_AUTOS = YES_AGGRESSIVE;
				GCC_WARN_UNUSED_FUNCTION = YES;
				GCC_WARN_UNUSED_VARIABLE = YES;
				IPHONEOS_DEPLOYMENT_TARGET = 9.3;
				MTL_ENABLE_DEBUG_INFO = YES;
				ONLY_ACTIVE_ARCH = YES;
				SDKROOT = iphoneos;
				SWIFT_OPTIMIZATION_LEVEL = "-Onone";
			};
			name = Debug;
		};
		ABAF2FEF1D3C0AF300D97F93 /* Release */ = {
			isa = XCBuildConfiguration;
			buildSettings = {
				ALWAYS_SEARCH_USER_PATHS = NO;
				CLANG_ANALYZER_NONNULL = YES;
				CLANG_CXX_LANGUAGE_STANDARD = "gnu++0x";
				CLANG_CXX_LIBRARY = "libc++";
				CLANG_ENABLE_MODULES = YES;
				CLANG_ENABLE_OBJC_ARC = YES;
				CLANG_WARN_BOOL_CONVERSION = YES;
				CLANG_WARN_CONSTANT_CONVERSION = YES;
				CLANG_WARN_DIRECT_OBJC_ISA_USAGE = YES_ERROR;
				CLANG_WARN_EMPTY_BODY = YES;
				CLANG_WARN_ENUM_CONVERSION = YES;
				CLANG_WARN_INT_CONVERSION = YES;
				CLANG_WARN_OBJC_ROOT_CLASS = YES_ERROR;
				CLANG_WARN_UNREACHABLE_CODE = YES;
				CLANG_WARN__DUPLICATE_METHOD_MATCH = YES;
				"CODE_SIGN_IDENTITY[sdk=iphoneos*]" = "iPhone Developer";
				COPY_PHASE_STRIP = NO;
				DEBUG_INFORMATION_FORMAT = "dwarf-with-dsym";
				ENABLE_NS_ASSERTIONS = NO;
				ENABLE_STRICT_OBJC_MSGSEND = YES;
				GCC_C_LANGUAGE_STANDARD = gnu99;
				GCC_NO_COMMON_BLOCKS = YES;
				GCC_WARN_64_TO_32_BIT_CONVERSION = YES;
				GCC_WARN_ABOUT_RETURN_TYPE = YES_ERROR;
				GCC_WARN_UNDECLARED_SELECTOR = YES;
				GCC_WARN_UNINITIALIZED_AUTOS = YES_AGGRESSIVE;
				GCC_WARN_UNUSED_FUNCTION = YES;
				GCC_WARN_UNUSED_VARIABLE = YES;
				IPHONEOS_DEPLOYMENT_TARGET = 9.3;
				MTL_ENABLE_DEBUG_INFO = NO;
				SDKROOT = iphoneos;
				VALIDATE_PRODUCT = YES;
			};
			name = Release;
		};
		ABAF2FF11D3C0AF300D97F93 /* Debug */ = {
			isa = XCBuildConfiguration;
			buildSettings = {
				ASSETCATALOG_COMPILER_APPICON_NAME = AppIcon;
				INFOPLIST_FILE = ChooseYourDestiny/Info.plist;
				LD_RUNPATH_SEARCH_PATHS = "$(inherited) @executable_path/Frameworks";
				PRODUCT_BUNDLE_IDENTIFIER = com.jonathangrubb.ChooseYourDestiny;
				PRODUCT_NAME = "$(TARGET_NAME)";
			};
			name = Debug;
		};
		ABAF2FF21D3C0AF300D97F93 /* Release */ = {
			isa = XCBuildConfiguration;
			buildSettings = {
				ASSETCATALOG_COMPILER_APPICON_NAME = AppIcon;
				INFOPLIST_FILE = ChooseYourDestiny/Info.plist;
				LD_RUNPATH_SEARCH_PATHS = "$(inherited) @executable_path/Frameworks";
				PRODUCT_BUNDLE_IDENTIFIER = com.jonathangrubb.ChooseYourDestiny;
				PRODUCT_NAME = "$(TARGET_NAME)";
			};
			name = Release;
		};
		ABAF2FF41D3C0AF300D97F93 /* Debug */ = {
			isa = XCBuildConfiguration;
			buildSettings = {
				BUNDLE_LOADER = "$(TEST_HOST)";
				INFOPLIST_FILE = ChooseYourDestinyTests/Info.plist;
				LD_RUNPATH_SEARCH_PATHS = "$(inherited) @executable_path/Frameworks @loader_path/Frameworks";
				PRODUCT_BUNDLE_IDENTIFIER = com.jonathangrubb.ChooseYourDestinyTests;
				PRODUCT_NAME = "$(TARGET_NAME)";
				TEST_HOST = "$(BUILT_PRODUCTS_DIR)/ChooseYourDestiny.app/ChooseYourDestiny";
			};
			name = Debug;
		};
		ABAF2FF51D3C0AF300D97F93 /* Release */ = {
			isa = XCBuildConfiguration;
			buildSettings = {
				BUNDLE_LOADER = "$(TEST_HOST)";
				INFOPLIST_FILE = ChooseYourDestinyTests/Info.plist;
				LD_RUNPATH_SEARCH_PATHS = "$(inherited) @executable_path/Frameworks @loader_path/Frameworks";
				PRODUCT_BUNDLE_IDENTIFIER = com.jonathangrubb.ChooseYourDestinyTests;
				PRODUCT_NAME = "$(TARGET_NAME)";
				TEST_HOST = "$(BUILT_PRODUCTS_DIR)/ChooseYourDestiny.app/ChooseYourDestiny";
			};
			name = Release;
		};
		ABAF2FF71D3C0AF300D97F93 /* Debug */ = {
			isa = XCBuildConfiguration;
			buildSettings = {
				INFOPLIST_FILE = ChooseYourDestinyUITests/Info.plist;
				LD_RUNPATH_SEARCH_PATHS = "$(inherited) @executable_path/Frameworks @loader_path/Frameworks";
				PRODUCT_BUNDLE_IDENTIFIER = com.jonathangrubb.ChooseYourDestinyUITests;
				PRODUCT_NAME = "$(TARGET_NAME)";
				TEST_TARGET_NAME = ChooseYourDestiny;
			};
			name = Debug;
		};
		ABAF2FF81D3C0AF300D97F93 /* Release */ = {
			isa = XCBuildConfiguration;
			buildSettings = {
				INFOPLIST_FILE = ChooseYourDestinyUITests/Info.plist;
				LD_RUNPATH_SEARCH_PATHS = "$(inherited) @executable_path/Frameworks @loader_path/Frameworks";
				PRODUCT_BUNDLE_IDENTIFIER = com.jonathangrubb.ChooseYourDestinyUITests;
				PRODUCT_NAME = "$(TARGET_NAME)";
				TEST_TARGET_NAME = ChooseYourDestiny;
			};
			name = Release;
		};
/* End XCBuildConfiguration section */

/* Begin XCConfigurationList section */
		ABAF2FC31D3C0AF200D97F93 /* Build configuration list for PBXProject "ChooseYourDestiny" */ = {
			isa = XCConfigurationList;
			buildConfigurations = (
				ABAF2FEE1D3C0AF300D97F93 /* Debug */,
				ABAF2FEF1D3C0AF300D97F93 /* Release */,
			);
			defaultConfigurationIsVisible = 0;
			defaultConfigurationName = Release;
		};
		ABAF2FF01D3C0AF300D97F93 /* Build configuration list for PBXNativeTarget "ChooseYourDestiny" */ = {
			isa = XCConfigurationList;
			buildConfigurations = (
				ABAF2FF11D3C0AF300D97F93 /* Debug */,
				ABAF2FF21D3C0AF300D97F93 /* Release */,
			);
			defaultConfigurationIsVisible = 0;
			defaultConfigurationName = Release;
		};
		ABAF2FF31D3C0AF300D97F93 /* Build configuration list for PBXNativeTarget "ChooseYourDestinyTests" */ = {
			isa = XCConfigurationList;
			buildConfigurations = (
				ABAF2FF41D3C0AF300D97F93 /* Debug */,
				ABAF2FF51D3C0AF300D97F93 /* Release */,
			);
			defaultConfigurationIsVisible = 0;
			defaultConfigurationName = Release;
		};
		ABAF2FF61D3C0AF300D97F93 /* Build configuration list for PBXNativeTarget "ChooseYourDestinyUITests" */ = {
			isa = XCConfigurationList;
			buildConfigurations = (
				ABAF2FF71D3C0AF300D97F93 /* Debug */,
				ABAF2FF81D3C0AF300D97F93 /* Release */,
			);
			defaultConfigurationIsVisible = 0;
			defaultConfigurationName = Release;
		};
/* End XCConfigurationList section */

/* Begin XCVersionGroup section */
		ABAF30051D3C495700D97F93 /* Model.xcdatamodeld */ = {
			isa = XCVersionGroup;
			children = (
				ABAF30061D3C495700D97F93 /* Model.xcdatamodel */,
			);
			currentVersion = ABAF30061D3C495700D97F93 /* Model.xcdatamodel */;
			path = Model.xcdatamodeld;
			sourceTree = "<group>";
			versionGroupType = wrapper.xcdatamodel;
		};
/* End XCVersionGroup section */
	};
	rootObject = ABAF2FC01D3C0AF200D97F93 /* Project object */;
}
